
Microsoft Visual Studio Solution File, Format Version 12.00
# Visual Studio Version 17
VisualStudioVersion = 17.1.32421.90
MinimumVisualStudioVersion = 10.0.40219.1
Project("{FAE04EC0-301F-11D3-BF4B-00C04F79EFBC}") = "OOPR_SoftverskiProj", "OOPR_SoftverskiProj\OOPR_SoftverskiProj.csproj", "{828E2E21-CE64-410F-B83C-F808F3DED08C}"
EndProject
Global
	GlobalSection(SolutionConfigurationPlatforms) = preSolution
		Debug|Any CPU = Debug|Any CPU
		Release|Any CPU = Release|Any CPU
	EndGlobalSection
	GlobalSection(ProjectConfigurationPlatforms) = postSolution
		{828E2E21-CE64-410F-B83C-F808F3DED08C}.Debug|Any CPU.ActiveCfg = Debug|Any CPU
		{828E2E21-CE64-410F-B83C-F808F3DED08C}.Debug|Any CPU.Build.0 = Debug|Any CPU
		{828E2E21-CE64-410F-B83C-F808F3DED08C}.Release|Any CPU.ActiveCfg = Release|Any CPU
		{828E2E21-CE64-410F-B83C-F808F3DED08C}.Release|Any CPU.Build.0 = Release|Any CPU
	EndGlobalSection
	GlobalSection(SolutionProperties) = preSolution
		HideSolutionNode = FALSE
	EndGlobalSection
	GlobalSection(ExtensibilityGlobals) = postSolution
		SolutionGuid = {8559133A-4F3A-434F-B2E4-415759BF23B6}
	EndGlobalSection
EndGlobal
